
Microsoft Visual Studio Solution File, Format Version 12.00
# Visual Studio Express 2012 for Web
Project("{FAE04EC0-301F-11D3-BF4B-00C04F79EFBC}") = "Broadband.WebApp", "Broadband.WebApp\Broadband.WebApp.csproj", "{487ADE22-BA16-4855-9D4C-120604E0C7B4}"
EndProject
Project("{FAE04EC0-301F-11D3-BF4B-00C04F79EFBC}") = "Broadband.Data", "Broadband.Data\Broadband.Data.csproj", "{A1A04ADE-3C5A-4CE8-A17E-51E73C26ADAF}"
EndProject
Global
	GlobalSection(SolutionConfigurationPlatforms) = preSolution
		Debug|Any CPU = Debug|Any CPU
		Release|Any CPU = Release|Any CPU
	EndGlobalSection
	GlobalSection(ProjectConfigurationPlatforms) = postSolution
		{487ADE22-BA16-4855-9D4C-120604E0C7B4}.Debug|Any CPU.ActiveCfg = Debug|Any CPU
		{487ADE22-BA16-4855-9D4C-120604E0C7B4}.Debug|Any CPU.Build.0 = Debug|Any CPU
		{487ADE22-BA16-4855-9D4C-120604E0C7B4}.Release|Any CPU.ActiveCfg = Release|Any CPU
		{487ADE22-BA16-4855-9D4C-120604E0C7B4}.Release|Any CPU.Build.0 = Release|Any CPU
		{A1A04ADE-3C5A-4CE8-A17E-51E73C26ADAF}.Debug|Any CPU.ActiveCfg = Debug|Any CPU
		{A1A04ADE-3C5A-4CE8-A17E-51E73C26ADAF}.Debug|Any CPU.Build.0 = Debug|Any CPU
		{A1A04ADE-3C5A-4CE8-A17E-51E73C26ADAF}.Release|Any CPU.ActiveCfg = Release|Any CPU
		{A1A04ADE-3C5A-4CE8-A17E-51E73C26ADAF}.Release|Any CPU.Build.0 = Release|Any CPU
	EndGlobalSection
	GlobalSection(SolutionProperties) = preSolution
		HideSolutionNode = FALSE
	EndGlobalSection
EndGlobal
